<?xml version="1.0" encoding="utf-8"?>
<Project ToolsVersion="4.0" xmlns="http://schemas.microsoft.com/developer/msbuild/2003">
  <ItemGroup>
    <Filter Include="Source Files">
      <UniqueIdentifier>{4FC737F1-C7A5-4376-A066-2A32D752A2FF}</UniqueIdentifier>
      <Extensions>qml;cpp;c;cc;cxx;def;odl;idl;hpj;bat;asm;asmx</Extensions>
    </Filter>
    <Filter Include="Resource Files">
      <UniqueIdentifier>{67DA6AB6-F800-4c08-8B7A-83BB121AAD01}</UniqueIdentifier>
      <Extensions>qrc;rc;ico;cur;bmp;dlg;rc2;rct;bin;rgs;gif;jpg;jpeg;jpe;resx;tiff;tif;png;wav;mfcribbon-ms</Extensions>
    </Filter>
    <Filter Include="Source Files\Core">
      <UniqueIdentifier>{46256e18-644d-4b16-bdea-f952111ba3cc}</UniqueIdentifier>
    </Filter>
    <Filter Include="Source Files\UI">
      <UniqueIdentifier>{c4be8d11-6fbd-4bee-8613-a3bda0dc2e8a}</UniqueIdentifier>
    </Filter>
    <Filter Include="Source Files\Utils">
      <UniqueIdentifier>{65c7d646-8f9f-46ed-a3b1-bbbe1f6f9803}</UniqueIdentifier>
    </Filter>
    <Filter Include="Source Files\File">
      <UniqueIdentifier>{fe72304b-4237-44de-bd9c-3d4cd16fe68f}</UniqueIdentifier>
    </Filter>
    <Filter Include="Source Files\MVC">
      <UniqueIdentifier>{a1f14853-bd5a-48bc-a7d8-8cfcdd9353f8}</UniqueIdentifier>
    </Filter>
    <Filter Include="Source Files\MVC\Controllers">
      <UniqueIdentifier>{2772c239-f211-49af-aad0-c456800aeeab}</UniqueIdentifier>
    </Filter>
    <Filter Include="Source Files\MVC\Models">
      <UniqueIdentifier>{3a3e70e4-a943-4804-b595-2f3c4d7afed8}</UniqueIdentifier>
    </Filter>
    <Filter Include="Source Files\MVC\Views">
      <UniqueIdentifier>{31b8319c-8244-4547-9e36-588072b32d76}</UniqueIdentifier>
    </Filter>
    <Filter Include="Source Files\Main">
      <UniqueIdentifier>{a5d4a9ba-5269-4432-ae70-857e7ecba14d}</UniqueIdentifier>
    </Filter>
  </ItemGroup>
  <ItemGroup>
    <ClCompile Include="Source\Core\AppStateMachine.cpp">
      <Filter>Source Files\Core</Filter>
    </ClCompile>
    <ClCompile Include="Source\Core\CommandManager.cpp">
      <Filter>Source Files\Core</Filter>
    </ClCompile>
    <ClCompile Include="Source\Core\DataAcquisition.cpp">
      <Filter>Source Files\Core</Filter>
    </ClCompile>
    <ClCompile Include="Source\Core\FX3DeviceManager.cpp">
      <Filter>Source Files\Core</Filter>
    </ClCompile>
    <ClCompile Include="Source\Core\UIStateHandler.cpp">
      <Filter>Source Files\Core</Filter>
    </ClCompile>
    <ClCompile Include="Source\Core\USBDevice.cpp">
      <Filter>Source Files\Core</Filter>
    </ClCompile>
    <ClCompile Include="Source\File\AsyncFileWriter.cpp">
      <Filter>Source Files\File</Filter>
    </ClCompile>
    <ClCompile Include="Source\File\FileCacheManager.cpp">
      <Filter>Source Files\File</Filter>
    </ClCompile>
    <ClCompile Include="Source\File\FileSaveController.cpp">
      <Filter>Source Files\File</Filter>
    </ClCompile>
    <ClCompile Include="Source\File\FileSaveManager.cpp">
      <Filter>Source Files\File</Filter>
    </ClCompile>
    <ClCompile Include="Source\File\StandardFileWriter.cpp">
      <Filter>Source Files\File</Filter>
    </ClCompile>
    <ClCompile Include="Source\Main\main.cpp">
      <Filter>Source Files\Main</Filter>
    </ClCompile>
    <ClCompile Include="Source\UI\ChannelSelect.cpp">
      <Filter>Source Files\UI</Filter>
    </ClCompile>
    <ClCompile Include="Source\UI\DataAnalysis.cpp">
      <Filter>Source Files\UI</Filter>
    </ClCompile>
    <ClCompile Include="Source\UI\FileSavePanel.cpp">
      <Filter>Source Files\UI</Filter>
    </ClCompile>
    <ClCompile Include="Source\UI\FX3DeviceController.cpp">
      <Filter>Source Files\UI</Filter>
    </ClCompile>
    <ClCompile Include="Source\UI\FX3MenuController.cpp">
      <Filter>Source Files\UI</Filter>
    </ClCompile>
    <ClCompile Include="Source\UI\FX3ModuleManager.cpp">
      <Filter>Source Files\UI</Filter>
    </ClCompile>
    <ClCompile Include="Source\UI\FX3ToolMainWin.cpp">
      <Filter>Source Files\UI</Filter>
    </ClCompile>
    <ClCompile Include="Source\UI\FX3UILayoutManager.cpp">
      <Filter>Source Files\UI</Filter>
    </ClCompile>
    <ClCompile Include="Source\UI\SaveFileBox.cpp">
      <Filter>Source Files\UI</Filter>
    </ClCompile>
    <ClCompile Include="Source\UI\UpdataDevice.cpp">
      <Filter>Source Files\UI</Filter>
    </ClCompile>
    <ClCompile Include="Source\UI\VideoDisplay.cpp">
      <Filter>Source Files\UI</Filter>
    </ClCompile>
    <ClCompile Include="Source\UI\WaveformAnalysis.cpp">
      <Filter>Source Files\UI</Filter>
    </ClCompile>
    <ClCompile Include="Source\Utils\Logger.cpp">
      <Filter>Source Files\Utils</Filter>
    </ClCompile>
    <ClCompile Include="Source\Utils\LogWriter.cpp">
      <Filter>Source Files\Utils</Filter>
    </ClCompile>
    <ClCompile Include="Source\Utils\UIUpdater.cpp">
      <Filter>Source Files\Utils</Filter>
    </ClCompile>
  </ItemGroup>
  <ItemGroup>
    <QtMoc Include="Source\Core\AppStateMachine.h">
      <Filter>Source Files\Core</Filter>
    </QtMoc>
    <QtMoc Include="Source\Core\CommandManager.h">
      <Filter>Source Files\Core</Filter>
    </QtMoc>
    <QtMoc Include="Source\Core\DataAcquisition.h">
      <Filter>Source Files\Core</Filter>
    </QtMoc>
    <QtMoc Include="Source\Core\FX3DeviceManager.h">
      <Filter>Source Files\Core</Filter>
    </QtMoc>
    <QtMoc Include="Source\Core\UIStateHandler.h">
      <Filter>Source Files\Core</Filter>
    </QtMoc>
    <QtMoc Include="Source\Core\USBDevice.h">
      <Filter>Source Files\Core</Filter>
    </QtMoc>
    <QtMoc Include="Source\File\FileSaveController.h">
      <Filter>Source Files\File</Filter>
    </QtMoc>
    <QtMoc Include="Source\File\FileSaveManager.h">
      <Filter>Source Files\File</Filter>
    </QtMoc>
    <QtMoc Include="Source\UI\ChannelSelect.h">
      <Filter>Source Files\UI</Filter>
    </QtMoc>
    <QtMoc Include="Source\UI\DataAnalysis.h">
      <Filter>Source Files\UI</Filter>
    </QtMoc>
    <QtMoc Include="Source\UI\FileSavePanel.h">
      <Filter>Source Files\UI</Filter>
    </QtMoc>
    <QtMoc Include="Source\UI\FX3DeviceController.h">
      <Filter>Source Files\UI</Filter>
    </QtMoc>
    <QtMoc Include="Source\UI\FX3MenuController.h">
      <Filter>Source Files\UI</Filter>
    </QtMoc>
    <QtMoc Include="Source\UI\FX3ModuleManager.h">
      <Filter>Source Files\UI</Filter>
    </QtMoc>
    <QtMoc Include="Source\UI\FX3ToolMainWin.h">
      <Filter>Source Files\UI</Filter>
    </QtMoc>
    <QtMoc Include="Source\UI\FX3UILayoutManager.h">
      <Filter>Source Files\UI</Filter>
    </QtMoc>
    <QtMoc Include="Source\UI\SaveFileBox.h">
      <Filter>Source Files\UI</Filter>
    </QtMoc>
    <QtMoc Include="Source\UI\UpdataDevice.h">
      <Filter>Source Files\UI</Filter>
    </QtMoc>
    <QtMoc Include="Source\UI\VideoDisplay.h">
      <Filter>Source Files\UI</Filter>
    </QtMoc>
    <QtMoc Include="Source\UI\WaveformAnalysis.h">
      <Filter>Source Files\UI</Filter>
    </QtMoc>
    <QtMoc Include="Source\Utils\Logger.h">
      <Filter>Source Files\Utils</Filter>
    </QtMoc>
    <QtMoc Include="Source\Utils\LogWriter.h">
      <Filter>Source Files\Utils</Filter>
    </QtMoc>
    <QtMoc Include="Source\Utils\UIUpdater.h">
      <Filter>Source Files\Utils</Filter>
    </QtMoc>
  </ItemGroup>
  <ItemGroup>
    <ClInclude Include="resource\resource.h">
      <Filter>Resource Files</Filter>
    </ClInclude>
    <ClInclude Include="Source\File\DataConverters.h">
      <Filter>Source Files\File</Filter>
    </ClInclude>
    <ClInclude Include="Source\Utils\LoggerTypes.h">
      <Filter>Source Files\Utils</Filter>
    </ClInclude>
    <ClInclude Include="Source\Utils\QtCompat.h">
      <Filter>Source Files\Utils</Filter>
    </ClInclude>
    <ClInclude Include="Source\Utils\ThreadHelper.h">
      <Filter>Source Files\Utils</Filter>
    </ClInclude>
  </ItemGroup>
  <ItemGroup>
    <QtRcc Include="resource\Resource.qrc">
      <Filter>Resource Files</Filter>
    </QtRcc>
  </ItemGroup>
  <ItemGroup>
    <QtUic Include="resource\ChannelSelect.ui">
      <Filter>Resource Files</Filter>
    </QtUic>
    <QtUic Include="resource\DataAnalysis.ui">
      <Filter>Resource Files</Filter>
    </QtUic>
    <QtUic Include="resource\FX3ToolMainWin.ui">
      <Filter>Resource Files</Filter>
    </QtUic>
    <QtUic Include="resource\SaveFileBox.ui">
      <Filter>Resource Files</Filter>
    </QtUic>
    <QtUic Include="resource\UpdataDevice.ui">
      <Filter>Resource Files</Filter>
    </QtUic>
    <QtUic Include="resource\VideoDisplay.ui">
      <Filter>Resource Files</Filter>
    </QtUic>
  </ItemGroup>
  <ItemGroup>
    <ResourceCompile Include="FX3TestTool.rc">
      <Filter>Resource Files</Filter>
    </ResourceCompile>
  </ItemGroup>
</Project>